// !$*UTF8*$!
{
	archiveVersion = 1;
	classes = {
	};
	objectVersion = 46;
	objects = {

/* Begin PBXBuildFile section */
		411640961E5471FB005D7208 /* UserNameSwiftyJSON.swift in Sources */ = {isa = PBXBuildFile; fileRef = 411640951E5471FB005D7208 /* UserNameSwiftyJSON.swift */; };
		411640981E547313005D7208 /* UserLocationSwiftyJson.swift in Sources */ = {isa = PBXBuildFile; fileRef = 411640971E547313005D7208 /* UserLocationSwiftyJson.swift */; };
		4116409A1E5473B3005D7208 /* UserLoginSwiftyJSON.swift in Sources */ = {isa = PBXBuildFile; fileRef = 411640991E5473B3005D7208 /* UserLoginSwiftyJSON.swift */; };
		4116409C1E547418005D7208 /* UserIdSwiftyJSON.swift in Sources */ = {isa = PBXBuildFile; fileRef = 4116409B1E547418005D7208 /* UserIdSwiftyJSON.swift */; };
		4116409E1E547475005D7208 /* UserPictureSwiftyJSON.swift in Sources */ = {isa = PBXBuildFile; fileRef = 4116409D1E547475005D7208 /* UserPictureSwiftyJSON.swift */; };
		411CD2251E530CD800A02338 /* AppDelegate.swift in Sources */ = {isa = PBXBuildFile; fileRef = 411CD2241E530CD800A02338 /* AppDelegate.swift */; };
		411CD2271E530CD800A02338 /* ViewController.swift in Sources */ = {isa = PBXBuildFile; fileRef = 411CD2261E530CD800A02338 /* ViewController.swift */; };
		411CD22A1E530CD800A02338 /* Main.storyboard in Resources */ = {isa = PBXBuildFile; fileRef = 411CD2281E530CD800A02338 /* Main.storyboard */; };
		411CD22C1E530CD800A02338 /* Assets.xcassets in Resources */ = {isa = PBXBuildFile; fileRef = 411CD22B1E530CD800A02338 /* Assets.xcassets */; };
		411CD22F1E530CD800A02338 /* LaunchScreen.storyboard in Resources */ = {isa = PBXBuildFile; fileRef = 411CD22D1E530CD800A02338 /* LaunchScreen.storyboard */; };
		411CD23A1E530CD800A02338 /* DemoAppTests.swift in Sources */ = {isa = PBXBuildFile; fileRef = 411CD2391E530CD800A02338 /* DemoAppTests.swift */; };
		411CD2451E530CD800A02338 /* DemoAppUITests.swift in Sources */ = {isa = PBXBuildFile; fileRef = 411CD2441E530CD800A02338 /* DemoAppUITests.swift */; };
		411CD25F1E531ABF00A02338 /* RoundFullCircleView.swift in Sources */ = {isa = PBXBuildFile; fileRef = 411CD25E1E531ABF00A02338 /* RoundFullCircleView.swift */; };
		411CD2611E53209200A02338 /* User.swift in Sources */ = {isa = PBXBuildFile; fileRef = 411CD2601E53209200A02338 /* User.swift */; };
		411CD2641E53238200A02338 /* UserParser.swift in Sources */ = {isa = PBXBuildFile; fileRef = 411CD2631E53238200A02338 /* UserParser.swift */; };
		411CD2661E5326CB00A02338 /* UserNetworking.swift in Sources */ = {isa = PBXBuildFile; fileRef = 411CD2651E5326CB00A02338 /* UserNetworking.swift */; };
		411CD26C1E53296B00A02338 /* UserCollectionViewCell.swift in Sources */ = {isa = PBXBuildFile; fileRef = 411CD26A1E53296B00A02338 /* UserCollectionViewCell.swift */; };
		411CD26D1E53296B00A02338 /* UserCollectionViewCell.xib in Resources */ = {isa = PBXBuildFile; fileRef = 411CD26B1E53296B00A02338 /* UserCollectionViewCell.xib */; };
		411CD26F1E532B6700A02338 /* UsersCollectionViewController.swift in Sources */ = {isa = PBXBuildFile; fileRef = 411CD26E1E532B6700A02338 /* UsersCollectionViewController.swift */; };
		411CD2711E532B8C00A02338 /* UserTableViewController.swift in Sources */ = {isa = PBXBuildFile; fileRef = 411CD2701E532B8C00A02338 /* UserTableViewController.swift */; };
		46C31F56267E7F1FB8911271 /* Pods_DemoApp.framework in Frameworks */ = {isa = PBXBuildFile; fileRef = 6C991193B973558536E1EA70 /* Pods_DemoApp.framework */; };
		817E4C8CAF7735AA11B3FC61 /* Pods_DemoAppTests.framework in Frameworks */ = {isa = PBXBuildFile; fileRef = 569DCCD111D92CA185D65556 /* Pods_DemoAppTests.framework */; };
		E0EF9480E751217AEF34953E /* Pods_DemoAppUITests.framework in Frameworks */ = {isa = PBXBuildFile; fileRef = 2C5A31F525E73ECF04300C3F /* Pods_DemoAppUITests.framework */; };
/* End PBXBuildFile section */

/* Begin PBXContainerItemProxy section */
		411CD2361E530CD800A02338 /* PBXContainerItemProxy */ = {
			isa = PBXContainerItemProxy;
			containerPortal = 411CD2191E530CD800A02338 /* Project object */;
			proxyType = 1;
			remoteGlobalIDString = 411CD2201E530CD800A02338;
			remoteInfo = DemoApp;
		};
		411CD2411E530CD800A02338 /* PBXContainerItemProxy */ = {
			isa = PBXContainerItemProxy;
			containerPortal = 411CD2191E530CD800A02338 /* Project object */;
			proxyType = 1;
			remoteGlobalIDString = 411CD2201E530CD800A02338;
			remoteInfo = DemoApp;
		};
/* End PBXContainerItemProxy section */

/* Begin PBXFileReference section */
		2C5A31F525E73ECF04300C3F /* Pods_DemoAppUITests.framework */ = {isa = PBXFileReference; explicitFileType = wrapper.framework; includeInIndex = 0; path = Pods_DemoAppUITests.framework; sourceTree = BUILT_PRODUCTS_DIR; };
		411640951E5471FB005D7208 /* UserNameSwiftyJSON.swift */ = {isa = PBXFileReference; fileEncoding = 4; lastKnownFileType = sourcecode.swift; path = UserNameSwiftyJSON.swift; sourceTree = "<group>"; };
		411640971E547313005D7208 /* UserLocationSwiftyJson.swift */ = {isa = PBXFileReference; fileEncoding = 4; lastKnownFileType = sourcecode.swift; path = UserLocationSwiftyJson.swift; sourceTree = "<group>"; };
		411640991E5473B3005D7208 /* UserLoginSwiftyJSON.swift */ = {isa = PBXFileReference; fileEncoding = 4; lastKnownFileType = sourcecode.swift; path = UserLoginSwiftyJSON.swift; sourceTree = "<group>"; };
		4116409B1E547418005D7208 /* UserIdSwiftyJSON.swift */ = {isa = PBXFileReference; fileEncoding = 4; lastKnownFileType = sourcecode.swift; path = UserIdSwiftyJSON.swift; sourceTree = "<group>"; };
		4116409D1E547475005D7208 /* UserPictureSwiftyJSON.swift */ = {isa = PBXFileReference; fileEncoding = 4; lastKnownFileType = sourcecode.swift; path = UserPictureSwiftyJSON.swift; sourceTree = "<group>"; };
		411CD2211E530CD800A02338 /* DemoApp.app */ = {isa = PBXFileReference; explicitFileType = wrapper.application; includeInIndex = 0; path = DemoApp.app; sourceTree = BUILT_PRODUCTS_DIR; };
		411CD2241E530CD800A02338 /* AppDelegate.swift */ = {isa = PBXFileReference; lastKnownFileType = sourcecode.swift; path = AppDelegate.swift; sourceTree = "<group>"; };
		411CD2261E530CD800A02338 /* ViewController.swift */ = {isa = PBXFileReference; lastKnownFileType = sourcecode.swift; path = ViewController.swift; sourceTree = "<group>"; };
		411CD2291E530CD800A02338 /* Base */ = {isa = PBXFileReference; lastKnownFileType = file.storyboard; name = Base; path = Base.lproj/Main.storyboard; sourceTree = "<group>"; };
		411CD22B1E530CD800A02338 /* Assets.xcassets */ = {isa = PBXFileReference; lastKnownFileType = folder.assetcatalog; path = Assets.xcassets; sourceTree = "<group>"; };
		411CD22E1E530CD800A02338 /* Base */ = {isa = PBXFileReference; lastKnownFileType = file.storyboard; name = Base; path = Base.lproj/LaunchScreen.storyboard; sourceTree = "<group>"; };
		411CD2301E530CD800A02338 /* Info.plist */ = {isa = PBXFileReference; lastKnownFileType = text.plist.xml; path = Info.plist; sourceTree = "<group>"; };
		411CD2351E530CD800A02338 /* DemoAppTests.xctest */ = {isa = PBXFileReference; explicitFileType = wrapper.cfbundle; includeInIndex = 0; path = DemoAppTests.xctest; sourceTree = BUILT_PRODUCTS_DIR; };
		411CD2391E530CD800A02338 /* DemoAppTests.swift */ = {isa = PBXFileReference; lastKnownFileType = sourcecode.swift; path = DemoAppTests.swift; sourceTree = "<group>"; };
		411CD23B1E530CD800A02338 /* Info.plist */ = {isa = PBXFileReference; lastKnownFileType = text.plist.xml; path = Info.plist; sourceTree = "<group>"; };
		411CD2401E530CD800A02338 /* DemoAppUITests.xctest */ = {isa = PBXFileReference; explicitFileType = wrapper.cfbundle; includeInIndex = 0; path = DemoAppUITests.xctest; sourceTree = BUILT_PRODUCTS_DIR; };
		411CD2441E530CD800A02338 /* DemoAppUITests.swift */ = {isa = PBXFileReference; lastKnownFileType = sourcecode.swift; path = DemoAppUITests.swift; sourceTree = "<group>"; };
		411CD2461E530CD800A02338 /* Info.plist */ = {isa = PBXFileReference; lastKnownFileType = text.plist.xml; path = Info.plist; sourceTree = "<group>"; };
		411CD25E1E531ABF00A02338 /* RoundFullCircleView.swift */ = {isa = PBXFileReference; fileEncoding = 4; lastKnownFileType = sourcecode.swift; path = RoundFullCircleView.swift; sourceTree = "<group>"; };
		411CD2601E53209200A02338 /* User.swift */ = {isa = PBXFileReference; fileEncoding = 4; lastKnownFileType = sourcecode.swift; path = User.swift; sourceTree = "<group>"; };
		411CD2631E53238200A02338 /* UserParser.swift */ = {isa = PBXFileReference; fileEncoding = 4; lastKnownFileType = sourcecode.swift; path = UserParser.swift; sourceTree = "<group>"; };
		411CD2651E5326CB00A02338 /* UserNetworking.swift */ = {isa = PBXFileReference; fileEncoding = 4; lastKnownFileType = sourcecode.swift; path = UserNetworking.swift; sourceTree = "<group>"; };
		411CD26A1E53296B00A02338 /* UserCollectionViewCell.swift */ = {isa = PBXFileReference; fileEncoding = 4; lastKnownFileType = sourcecode.swift; path = UserCollectionViewCell.swift; sourceTree = "<group>"; };
		411CD26B1E53296B00A02338 /* UserCollectionViewCell.xib */ = {isa = PBXFileReference; fileEncoding = 4; lastKnownFileType = file.xib; path = UserCollectionViewCell.xib; sourceTree = "<group>"; };
		411CD26E1E532B6700A02338 /* UsersCollectionViewController.swift */ = {isa = PBXFileReference; fileEncoding = 4; lastKnownFileType = sourcecode.swift; path = UsersCollectionViewController.swift; sourceTree = "<group>"; };
		411CD2701E532B8C00A02338 /* UserTableViewController.swift */ = {isa = PBXFileReference; fileEncoding = 4; lastKnownFileType = sourcecode.swift; path = UserTableViewController.swift; sourceTree = "<group>"; };
		4CB686129D84D1EE5207DD16 /* Pods-DemoAppUITests.release.xcconfig */ = {isa = PBXFileReference; includeInIndex = 1; lastKnownFileType = text.xcconfig; name = "Pods-DemoAppUITests.release.xcconfig"; path = "Pods/Target Support Files/Pods-DemoAppUITests/Pods-DemoAppUITests.release.xcconfig"; sourceTree = "<group>"; };
		569DCCD111D92CA185D65556 /* Pods_DemoAppTests.framework */ = {isa = PBXFileReference; explicitFileType = wrapper.framework; includeInIndex = 0; path = Pods_DemoAppTests.framework; sourceTree = BUILT_PRODUCTS_DIR; };
		6C991193B973558536E1EA70 /* Pods_DemoApp.framework */ = {isa = PBXFileReference; explicitFileType = wrapper.framework; includeInIndex = 0; path = Pods_DemoApp.framework; sourceTree = BUILT_PRODUCTS_DIR; };
		8C5483F1546216CE96E7A4EE /* Pods-DemoApp.debug.xcconfig */ = {isa = PBXFileReference; includeInIndex = 1; lastKnownFileType = text.xcconfig; name = "Pods-DemoApp.debug.xcconfig"; path = "Pods/Target Support Files/Pods-DemoApp/Pods-DemoApp.debug.xcconfig"; sourceTree = "<group>"; };
		AD568621601659EF8222CE28 /* Pods-DemoAppTests.debug.xcconfig */ = {isa = PBXFileReference; includeInIndex = 1; lastKnownFileType = text.xcconfig; name = "Pods-DemoAppTests.debug.xcconfig"; path = "Pods/Target Support Files/Pods-DemoAppTests/Pods-DemoAppTests.debug.xcconfig"; sourceTree = "<group>"; };
		ADEDB06AFCFD980E5F07FFEF /* Pods-DemoAppTests.release.xcconfig */ = {isa = PBXFileReference; includeInIndex = 1; lastKnownFileType = text.xcconfig; name = "Pods-DemoAppTests.release.xcconfig"; path = "Pods/Target Support Files/Pods-DemoAppTests/Pods-DemoAppTests.release.xcconfig"; sourceTree = "<group>"; };
		B3C181EA6BBEE1055C3136C3 /* Pods-DemoAppUITests.debug.xcconfig */ = {isa = PBXFileReference; includeInIndex = 1; lastKnownFileType = text.xcconfig; name = "Pods-DemoAppUITests.debug.xcconfig"; path = "Pods/Target Support Files/Pods-DemoAppUITests/Pods-DemoAppUITests.debug.xcconfig"; sourceTree = "<group>"; };
		DCA2FA72587FE4E77A272E7E /* Pods-DemoApp.release.xcconfig */ = {isa = PBXFileReference; includeInIndex = 1; lastKnownFileType = text.xcconfig; name = "Pods-DemoApp.release.xcconfig"; path = "Pods/Target Support Files/Pods-DemoApp/Pods-DemoApp.release.xcconfig"; sourceTree = "<group>"; };
/* End PBXFileReference section */

/* Begin PBXFrameworksBuildPhase section */
		411CD21E1E530CD800A02338 /* Frameworks */ = {
			isa = PBXFrameworksBuildPhase;
			buildActionMask = 2147483647;
			files = (
				46C31F56267E7F1FB8911271 /* Pods_DemoApp.framework in Frameworks */,
			);
			runOnlyForDeploymentPostprocessing = 0;
		};
		411CD2321E530CD800A02338 /* Frameworks */ = {
			isa = PBXFrameworksBuildPhase;
			buildActionMask = 2147483647;
			files = (
				817E4C8CAF7735AA11B3FC61 /* Pods_DemoAppTests.framework in Frameworks */,
			);
			runOnlyForDeploymentPostprocessing = 0;
		};
		411CD23D1E530CD800A02338 /* Frameworks */ = {
			isa = PBXFrameworksBuildPhase;
			buildActionMask = 2147483647;
			files = (
				E0EF9480E751217AEF34953E /* Pods_DemoAppUITests.framework in Frameworks */,
			);
			runOnlyForDeploymentPostprocessing = 0;
		};
/* End PBXFrameworksBuildPhase section */

/* Begin PBXGroup section */
		411CD2181E530CD800A02338 = {
			isa = PBXGroup;
			children = (
				411CD2231E530CD800A02338 /* DemoApp */,
				411CD2381E530CD800A02338 /* DemoAppTests */,
				411CD2431E530CD800A02338 /* DemoAppUITests */,
				411CD2221E530CD800A02338 /* Products */,
				CE728DC53F9D170097EEF13B /* Pods */,
				BC4B03E145863A9AFF913509 /* Frameworks */,
			);
			sourceTree = "<group>";
		};
		411CD2221E530CD800A02338 /* Products */ = {
			isa = PBXGroup;
			children = (
				411CD2211E530CD800A02338 /* DemoApp.app */,
				411CD2351E530CD800A02338 /* DemoAppTests.xctest */,
				411CD2401E530CD800A02338 /* DemoAppUITests.xctest */,
			);
			name = Products;
			sourceTree = "<group>";
		};
		411CD2231E530CD800A02338 /* DemoApp */ = {
			isa = PBXGroup;
			children = (
				411CD2621E53236E00A02338 /* Parser */,
				411CD25D1E53195800A02338 /* Model */,
				411CD25C1E53194D00A02338 /* Networking */,
				411CD25B1E53194400A02338 /* Views */,
				411CD2581E53191400A02338 /* AppDelegate */,
				411CD2681E53290600A02338 /* Controllers */,
				411CD25A1E53193800A02338 /* Storyboard */,
				411CD2591E53192200A02338 /* Resouces */,
			);
			path = DemoApp;
			sourceTree = "<group>";
		};
		411CD2381E530CD800A02338 /* DemoAppTests */ = {
			isa = PBXGroup;
			children = (
				411CD2391E530CD800A02338 /* DemoAppTests.swift */,
				411CD23B1E530CD800A02338 /* Info.plist */,
			);
			path = DemoAppTests;
			sourceTree = "<group>";
		};
		411CD2431E530CD800A02338 /* DemoAppUITests */ = {
			isa = PBXGroup;
			children = (
				411CD2441E530CD800A02338 /* DemoAppUITests.swift */,
				411CD2461E530CD800A02338 /* Info.plist */,
			);
			path = DemoAppUITests;
			sourceTree = "<group>";
		};
		411CD2581E53191400A02338 /* AppDelegate */ = {
			isa = PBXGroup;
			children = (
				411CD2241E530CD800A02338 /* AppDelegate.swift */,
			);
			name = AppDelegate;
			sourceTree = "<group>";
		};
		411CD2591E53192200A02338 /* Resouces */ = {
			isa = PBXGroup;
			children = (
				411CD2301E530CD800A02338 /* Info.plist */,
				411CD22B1E530CD800A02338 /* Assets.xcassets */,
				411CD22D1E530CD800A02338 /* LaunchScreen.storyboard */,
			);
			name = Resouces;
			sourceTree = "<group>";
		};
		411CD25A1E53193800A02338 /* Storyboard */ = {
			isa = PBXGroup;
			children = (
				411CD2281E530CD800A02338 /* Main.storyboard */,
			);
			name = Storyboard;
			sourceTree = "<group>";
		};
		411CD25B1E53194400A02338 /* Views */ = {
			isa = PBXGroup;
			children = (
				411CD2691E53292C00A02338 /* CollectionViewCell */,
				411CD25E1E531ABF00A02338 /* RoundFullCircleView.swift */,
			);
			name = Views;
			sourceTree = "<group>";
		};
		411CD25C1E53194D00A02338 /* Networking */ = {
			isa = PBXGroup;
			children = (
				411CD2651E5326CB00A02338 /* UserNetworking.swift */,
			);
			name = Networking;
			sourceTree = "<group>";
		};
		411CD25D1E53195800A02338 /* Model */ = {
			isa = PBXGroup;
			children = (
				411CD2601E53209200A02338 /* User.swift */,
				411640951E5471FB005D7208 /* UserNameSwiftyJSON.swift */,
				411640971E547313005D7208 /* UserLocationSwiftyJson.swift */,
				411640991E5473B3005D7208 /* UserLoginSwiftyJSON.swift */,
				4116409B1E547418005D7208 /* UserIdSwiftyJSON.swift */,
				4116409D1E547475005D7208 /* UserPictureSwiftyJSON.swift */,
			);
			name = Model;
			sourceTree = "<group>";
		};
		411CD2621E53236E00A02338 /* Parser */ = {
			isa = PBXGroup;
			children = (
				411CD2631E53238200A02338 /* UserParser.swift */,
			);
			name = Parser;
			sourceTree = "<group>";
		};
		411CD2681E53290600A02338 /* Controllers */ = {
			isa = PBXGroup;
			children = (
				411CD2261E530CD800A02338 /* ViewController.swift */,
				411CD26E1E532B6700A02338 /* UsersCollectionViewController.swift */,
				411CD2701E532B8C00A02338 /* UserTableViewController.swift */,
			);
			name = Controllers;
			sourceTree = "<group>";
		};
		411CD2691E53292C00A02338 /* CollectionViewCell */ = {
			isa = PBXGroup;
			children = (
				411CD26A1E53296B00A02338 /* UserCollectionViewCell.swift */,
				411CD26B1E53296B00A02338 /* UserCollectionViewCell.xib */,
			);
			name = CollectionViewCell;
			sourceTree = "<group>";
		};
		BC4B03E145863A9AFF913509 /* Frameworks */ = {
			isa = PBXGroup;
			children = (
				6C991193B973558536E1EA70 /* Pods_DemoApp.framework */,
				569DCCD111D92CA185D65556 /* Pods_DemoAppTests.framework */,
				2C5A31F525E73ECF04300C3F /* Pods_DemoAppUITests.framework */,
			);
			name = Frameworks;
			sourceTree = "<group>";
		};
		CE728DC53F9D170097EEF13B /* Pods */ = {
			isa = PBXGroup;
			children = (
				8C5483F1546216CE96E7A4EE /* Pods-DemoApp.debug.xcconfig */,
				DCA2FA72587FE4E77A272E7E /* Pods-DemoApp.release.xcconfig */,
				AD568621601659EF8222CE28 /* Pods-DemoAppTests.debug.xcconfig */,
				ADEDB06AFCFD980E5F07FFEF /* Pods-DemoAppTests.release.xcconfig */,
				B3C181EA6BBEE1055C3136C3 /* Pods-DemoAppUITests.debug.xcconfig */,
				4CB686129D84D1EE5207DD16 /* Pods-DemoAppUITests.release.xcconfig */,
			);
			name = Pods;
			sourceTree = "<group>";
		};
/* End PBXGroup section */

/* Begin PBXNativeTarget section */
		411CD2201E530CD800A02338 /* DemoApp */ = {
			isa = PBXNativeTarget;
			buildConfigurationList = 411CD2491E530CD800A02338 /* Build configuration list for PBXNativeTarget "DemoApp" */;
			buildPhases = (
				4FD6D45368347B9875386FC2 /* [CP] Check Pods Manifest.lock */,
				411CD21D1E530CD800A02338 /* Sources */,
				411CD21E1E530CD800A02338 /* Frameworks */,
				411CD21F1E530CD800A02338 /* Resources */,
				984A21A4B8FEF12C4512F311 /* [CP] Embed Pods Frameworks */,
				60E4588B9B8EA6141A706D12 /* [CP] Copy Pods Resources */,
			);
			buildRules = (
			);
			dependencies = (
			);
			name = DemoApp;
			productName = DemoApp;
			productReference = 411CD2211E530CD800A02338 /* DemoApp.app */;
			productType = "com.apple.product-type.application";
		};
		411CD2341E530CD800A02338 /* DemoAppTests */ = {
			isa = PBXNativeTarget;
			buildConfigurationList = 411CD24C1E530CD800A02338 /* Build configuration list for PBXNativeTarget "DemoAppTests" */;
			buildPhases = (
				094DE0DEFFD9940D4143E315 /* [CP] Check Pods Manifest.lock */,
				411CD2311E530CD800A02338 /* Sources */,
				411CD2321E530CD800A02338 /* Frameworks */,
				411CD2331E530CD800A02338 /* Resources */,
				0CC021876AE57BDC724A2564 /* [CP] Embed Pods Frameworks */,
				8C29C38E985C80C29968A7A6 /* [CP] Copy Pods Resources */,
			);
			buildRules = (
			);
			dependencies = (
				411CD2371E530CD800A02338 /* PBXTargetDependency */,
			);
			name = DemoAppTests;
			productName = DemoAppTests;
			productReference = 411CD2351E530CD800A02338 /* DemoAppTests.xctest */;
			productType = "com.apple.product-type.bundle.unit-test";
		};
		411CD23F1E530CD800A02338 /* DemoAppUITests */ = {
			isa = PBXNativeTarget;
			buildConfigurationList = 411CD24F1E530CD800A02338 /* Build configuration list for PBXNativeTarget "DemoAppUITests" */;
			buildPhases = (
				EB90D0ABF59546F727EE9C08 /* [CP] Check Pods Manifest.lock */,
				411CD23C1E530CD800A02338 /* Sources */,
				411CD23D1E530CD800A02338 /* Frameworks */,
				411CD23E1E530CD800A02338 /* Resources */,
				63FEA3E069882A438E37AA9F /* [CP] Embed Pods Frameworks */,
				19A7E4CE4189CC5CDC48D176 /* [CP] Copy Pods Resources */,
			);
			buildRules = (
			);
			dependencies = (
				411CD2421E530CD800A02338 /* PBXTargetDependency */,
			);
			name = DemoAppUITests;
			productName = DemoAppUITests;
			productReference = 411CD2401E530CD800A02338 /* DemoAppUITests.xctest */;
			productType = "com.apple.product-type.bundle.ui-testing";
		};
/* End PBXNativeTarget section */

/* Begin PBXProject section */
		411CD2191E530CD800A02338 /* Project object */ = {
			isa = PBXProject;
			attributes = {
				LastSwiftUpdateCheck = 0820;
				LastUpgradeCheck = 0820;
				ORGANIZATIONNAME = "Sabina Buruiana";
				TargetAttributes = {
					411CD2201E530CD800A02338 = {
						CreatedOnToolsVersion = 8.2.1;
						DevelopmentTeam = UCXFUA4N6G;
						ProvisioningStyle = Automatic;
					};
					411CD2341E530CD800A02338 = {
						CreatedOnToolsVersion = 8.2.1;
						ProvisioningStyle = Automatic;
						TestTargetID = 411CD2201E530CD800A02338;
					};
					411CD23F1E530CD800A02338 = {
						CreatedOnToolsVersion = 8.2.1;
						ProvisioningStyle = Automatic;
						TestTargetID = 411CD2201E530CD800A02338;
					};
				};
			};
			buildConfigurationList = 411CD21C1E530CD800A02338 /* Build configuration list for PBXProject "DemoApp" */;
			compatibilityVersion = "Xcode 3.2";
			developmentRegion = English;
			hasScannedForEncodings = 0;
			knownRegions = (
				en,
				Base,
			);
			mainGroup = 411CD2181E530CD800A02338;
			productRefGroup = 411CD2221E530CD800A02338 /* Products */;
			projectDirPath = "";
			projectRoot = "";
			targets = (
				411CD2201E530CD800A02338 /* DemoApp */,
				411CD2341E530CD800A02338 /* DemoAppTests */,
				411CD23F1E530CD800A02338 /* DemoAppUITests */,
			);
		};
/* End PBXProject section */

/* Begin PBXResourcesBuildPhase section */
		411CD21F1E530CD800A02338 /* Resources */ = {
			isa = PBXResourcesBuildPhase;
			buildActionMask = 2147483647;
			files = (
				411CD22F1E530CD800A02338 /* LaunchScreen.storyboard in Resources */,
				411CD26D1E53296B00A02338 /* UserCollectionViewCell.xib in Resources */,
				411CD22C1E530CD800A02338 /* Assets.xcassets in Resources */,
				411CD22A1E530CD800A02338 /* Main.storyboard in Resources */,
			);
			runOnlyForDeploymentPostprocessing = 0;
		};
		411CD2331E530CD800A02338 /* Resources */ = {
			isa = PBXResourcesBuildPhase;
			buildActionMask = 2147483647;
			files = (
			);
			runOnlyForDeploymentPostprocessing = 0;
		};
		411CD23E1E530CD800A02338 /* Resources */ = {
			isa = PBXResourcesBuildPhase;
			buildActionMask = 2147483647;
			files = (
			);
			runOnlyForDeploymentPostprocessing = 0;
		};
/* End PBXResourcesBuildPhase section */

/* Begin PBXShellScriptBuildPhase section */
		094DE0DEFFD9940D4143E315 /* [CP] Check Pods Manifest.lock */ = {
			isa = PBXShellScriptBuildPhase;
			buildActionMask = 2147483647;
			files = (
			);
			inputPaths = (
			);
			name = "[CP] Check Pods Manifest.lock";
			outputPaths = (
			);
			runOnlyForDeploymentPostprocessing = 0;
			shellPath = /bin/sh;
			shellScript = "diff \"${PODS_ROOT}/../Podfile.lock\" \"${PODS_ROOT}/Manifest.lock\" > /dev/null\nif [ $? != 0 ] ; then\n    # print error to STDERR\n    echo \"error: The sandbox is not in sync with the Podfile.lock. Run 'pod install' or update your CocoaPods installation.\" >&2\n    exit 1\nfi\n";
			showEnvVarsInLog = 0;
		};
		0CC021876AE57BDC724A2564 /* [CP] Embed Pods Frameworks */ = {
			isa = PBXShellScriptBuildPhase;
			buildActionMask = 2147483647;
			files = (
			);
			inputPaths = (
			);
			name = "[CP] Embed Pods Frameworks";
			outputPaths = (
			);
			runOnlyForDeploymentPostprocessing = 0;
			shellPath = /bin/sh;
			shellScript = "\"${SRCROOT}/Pods/Target Support Files/Pods-DemoAppTests/Pods-DemoAppTests-frameworks.sh\"\n";
			showEnvVarsInLog = 0;
		};
		19A7E4CE4189CC5CDC48D176 /* [CP] Copy Pods Resources */ = {
			isa = PBXShellScriptBuildPhase;
			buildActionMask = 2147483647;
			files = (
			);
			inputPaths = (
			);
			name = "[CP] Copy Pods Resources";
			outputPaths = (
			);
			runOnlyForDeploymentPostprocessing = 0;
			shellPath = /bin/sh;
			shellScript = "\"${SRCROOT}/Pods/Target Support Files/Pods-DemoAppUITests/Pods-DemoAppUITests-resources.sh\"\n";
			showEnvVarsInLog = 0;
		};
		4FD6D45368347B9875386FC2 /* [CP] Check Pods Manifest.lock */ = {
			isa = PBXShellScriptBuildPhase;
			buildActionMask = 2147483647;
			files = (
			);
			inputPaths = (
			);
			name = "[CP] Check Pods Manifest.lock";
			outputPaths = (
			);
			runOnlyForDeploymentPostprocessing = 0;
			shellPath = /bin/sh;
			shellScript = "diff \"${PODS_ROOT}/../Podfile.lock\" \"${PODS_ROOT}/Manifest.lock\" > /dev/null\nif [ $? != 0 ] ; then\n    # print error to STDERR\n    echo \"error: The sandbox is not in sync with the Podfile.lock. Run 'pod install' or update your CocoaPods installation.\" >&2\n    exit 1\nfi\n";
			showEnvVarsInLog = 0;
		};
		60E4588B9B8EA6141A706D12 /* [CP] Copy Pods Resources */ = {
			isa = PBXShellScriptBuildPhase;
			buildActionMask = 2147483647;
			files = (
			);
			inputPaths = (
			);
			name = "[CP] Copy Pods Resources";
			outputPaths = (
			);
			runOnlyForDeploymentPostprocessing = 0;
			shellPath = /bin/sh;
			shellScript = "\"${SRCROOT}/Pods/Target Support Files/Pods-DemoApp/Pods-DemoApp-resources.sh\"\n";
			showEnvVarsInLog = 0;
		};
		63FEA3E069882A438E37AA9F /* [CP] Embed Pods Frameworks */ = {
			isa = PBXShellScriptBuildPhase;
			buildActionMask = 2147483647;
			files = (
			);
			inputPaths = (
			);
			name = "[CP] Embed Pods Frameworks";
			outputPaths = (
			);
			runOnlyForDeploymentPostprocessing = 0;
			shellPath = /bin/sh;
			shellScript = "\"${SRCROOT}/Pods/Target Support Files/Pods-DemoAppUITests/Pods-DemoAppUITests-frameworks.sh\"\n";
			showEnvVarsInLog = 0;
		};
		8C29C38E985C80C29968A7A6 /* [CP] Copy Pods Resources */ = {
			isa = PBXShellScriptBuildPhase;
			buildActionMask = 2147483647;
			files = (
			);
			inputPaths = (
			);
			name = "[CP] Copy Pods Resources";
			outputPaths = (
			);
			runOnlyForDeploymentPostprocessing = 0;
			shellPath = /bin/sh;
			shellScript = "\"${SRCROOT}/Pods/Target Support Files/Pods-DemoAppTests/Pods-DemoAppTests-resources.sh\"\n";
			showEnvVarsInLog = 0;
		};
		984A21A4B8FEF12C4512F311 /* [CP] Embed Pods Frameworks */ = {
			isa = PBXShellScriptBuildPhase;
			buildActionMask = 2147483647;
			files = (
			);
			inputPaths = (
			);
			name = "[CP] Embed Pods Frameworks";
			outputPaths = (
			);
			runOnlyForDeploymentPostprocessing = 0;
			shellPath = /bin/sh;
			shellScript = "\"${SRCROOT}/Pods/Target Support Files/Pods-DemoApp/Pods-DemoApp-frameworks.sh\"\n";
			showEnvVarsInLog = 0;
		};
		EB90D0ABF59546F727EE9C08 /* [CP] Check Pods Manifest.lock */ = {
			isa = PBXShellScriptBuildPhase;
			buildActionMask = 2147483647;
			files = (
			);
			inputPaths = (
			);
			name = "[CP] Check Pods Manifest.lock";
			outputPaths = (
			);
			runOnlyForDeploymentPostprocessing = 0;
			shellPath = /bin/sh;
			shellScript = "diff \"${PODS_ROOT}/../Podfile.lock\" \"${PODS_ROOT}/Manifest.lock\" > /dev/null\nif [ $? != 0 ] ; then\n    # print error to STDERR\n    echo \"error: The sandbox is not in sync with the Podfile.lock. Run 'pod install' or update your CocoaPods installation.\" >&2\n    exit 1\nfi\n";
			showEnvVarsInLog = 0;
		};
/* End PBXShellScriptBuildPhase section */

/* Begin PBXSourcesBuildPhase section */
		411CD21D1E530CD800A02338 /* Sources */ = {
			isa = PBXSourcesBuildPhase;
			buildActionMask = 2147483647;
			files = (
				4116409A1E5473B3005D7208 /* UserLoginSwiftyJSON.swift in Sources */,
				4116409E1E547475005D7208 /* UserPictureSwiftyJSON.swift in Sources */,
				411CD2611E53209200A02338 /* User.swift in Sources */,
				411640961E5471FB005D7208 /* UserNameSwiftyJSON.swift in Sources */,
				411640981E547313005D7208 /* UserLocationSwiftyJson.swift in Sources */,
				411CD2711E532B8C00A02338 /* UserTableViewController.swift in Sources */,
				411CD2641E53238200A02338 /* UserParser.swift in Sources */,
				411CD25F1E531ABF00A02338 /* RoundFullCircleView.swift in Sources */,
				411CD26F1E532B6700A02338 /* UsersCollectionViewController.swift in Sources */,
				411CD2271E530CD800A02338 /* ViewController.swift in Sources */,
				411CD2661E5326CB00A02338 /* UserNetworking.swift in Sources */,
				411CD26C1E53296B00A02338 /* UserCollectionViewCell.swift in Sources */,
				411CD2251E530CD800A02338 /* AppDelegate.swift in Sources */,
				4116409C1E547418005D7208 /* UserIdSwiftyJSON.swift in Sources */,
			);
			runOnlyForDeploymentPostprocessing = 0;
		};
		411CD2311E530CD800A02338 /* Sources */ = {
			isa = PBXSourcesBuildPhase;
			buildActionMask = 2147483647;
			files = (
				411CD23A1E530CD800A02338 /* DemoAppTests.swift in Sources */,
			);
			runOnlyForDeploymentPostprocessing = 0;
		};
		411CD23C1E530CD800A02338 /* Sources */ = {
			isa = PBXSourcesBuildPhase;
			buildActionMask = 2147483647;
			files = (
				411CD2451E530CD800A02338 /* DemoAppUITests.swift in Sources */,
			);
			runOnlyForDeploymentPostprocessing = 0;
		};
/* End PBXSourcesBuildPhase section */

/* Begin PBXTargetDependency section */
		411CD2371E530CD800A02338 /* PBXTargetDependency */ = {
			isa = PBXTargetDependency;
			target = 411CD2201E530CD800A02338 /* DemoApp */;
			targetProxy = 411CD2361E530CD800A02338 /* PBXContainerItemProxy */;
		};
		411CD2421E530CD800A02338 /* PBXTargetDependency */ = {
			isa = PBXTargetDependency;
			target = 411CD2201E530CD800A02338 /* DemoApp */;
			targetProxy = 411CD2411E530CD800A02338 /* PBXContainerItemProxy */;
		};
/* End PBXTargetDependency section */

/* Begin PBXVariantGroup section */
		411CD2281E530CD800A02338 /* Main.storyboard */ = {
			isa = PBXVariantGroup;
			children = (
				411CD2291E530CD800A02338 /* Base */,
			);
			name = Main.storyboard;
			sourceTree = "<group>";
		};
		411CD22D1E530CD800A02338 /* LaunchScreen.storyboard */ = {
			isa = PBXVariantGroup;
			children = (
				411CD22E1E530CD800A02338 /* Base */,
			);
			name = LaunchScreen.storyboard;
			sourceTree = "<group>";
		};
/* End PBXVariantGroup section */

/* Begin XCBuildConfiguration section */
		411CD2471E530CD800A02338 /* Debug */ = {
			isa = XCBuildConfiguration;
			buildSettings = {
				ALWAYS_SEARCH_USER_PATHS = NO;
				CLANG_ANALYZER_NONNULL = YES;
				CLANG_CXX_LANGUAGE_STANDARD = "gnu++0x";
				CLANG_CXX_LIBRARY = "libc++";
				CLANG_ENABLE_MODULES = YES;
				CLANG_ENABLE_OBJC_ARC = YES;
				CLANG_WARN_BOOL_CONVERSION = YES;
				CLANG_WARN_CONSTANT_CONVERSION = YES;
				CLANG_WARN_DIRECT_OBJC_ISA_USAGE = YES_ERROR;
				CLANG_WARN_DOCUMENTATION_COMMENTS = YES;
				CLANG_WARN_EMPTY_BODY = YES;
				CLANG_WARN_ENUM_CONVERSION = YES;
				CLANG_WARN_INFINITE_RECURSION = YES;
				CLANG_WARN_INT_CONVERSION = YES;
				CLANG_WARN_OBJC_ROOT_CLASS = YES_ERROR;
				CLANG_WARN_SUSPICIOUS_MOVE = YES;
				CLANG_WARN_UNREACHABLE_CODE = YES;
				CLANG_WARN__DUPLICATE_METHOD_MATCH = YES;
				"CODE_SIGN_IDENTITY[sdk=iphoneos*]" = "iPhone Developer";
				COPY_PHASE_STRIP = NO;
				DEBUG_INFORMATION_FORMAT = dwarf;
				ENABLE_STRICT_OBJC_MSGSEND = YES;
				ENABLE_TESTABILITY = YES;
				GCC_C_LANGUAGE_STANDARD = gnu99;
				GCC_DYNAMIC_NO_PIC = NO;
				GCC_NO_COMMON_BLOCKS = YES;
				GCC_OPTIMIZATION_LEVEL = 0;
				GCC_PREPROCESSOR_DEFINITIONS = (
					"DEBUG=1",
					"$(inherited)",
				);
				GCC_WARN_64_TO_32_BIT_CONVERSION = YES;
				GCC_WARN_ABOUT_RETURN_TYPE = YES_ERROR;
				GCC_WARN_UNDECLARED_SELECTOR = YES;
				GCC_WARN_UNINITIALIZED_AUTOS = YES_AGGRESSIVE;
				GCC_WARN_UNUSED_FUNCTION = YES;
				GCC_WARN_UNUSED_VARIABLE = YES;
				IPHONEOS_DEPLOYMENT_TARGET = 10.2;
				MTL_ENABLE_DEBUG_INFO = YES;
				ONLY_ACTIVE_ARCH = YES;
				SDKROOT = iphoneos;
				SWIFT_ACTIVE_COMPILATION_CONDITIONS = DEBUG;
				SWIFT_OPTIMIZATION_LEVEL = "-Onone";
				TARGETED_DEVICE_FAMILY = "1,2";
			};
			name = Debug;
		};
		411CD2481E530CD800A02338 /* Release */ = {
			isa = XCBuildConfiguration;
			buildSettings = {
				ALWAYS_SEARCH_USER_PATHS = NO;
				CLANG_ANALYZER_NONNULL = YES;
				CLANG_CXX_LANGUAGE_STANDARD = "gnu++0x";
				CLANG_CXX_LIBRARY = "libc++";
				CLANG_ENABLE_MODULES = YES;
				CLANG_ENABLE_OBJC_ARC = YES;
				CLANG_WARN_BOOL_CONVERSION = YES;
				CLANG_WARN_CONSTANT_CONVERSION = YES;
				CLANG_WARN_DIRECT_OBJC_ISA_USAGE = YES_ERROR;
				CLANG_WARN_DOCUMENTATION_COMMENTS = YES;
				CLANG_WARN_EMPTY_BODY = YES;
				CLANG_WARN_ENUM_CONVERSION = YES;
				CLANG_WARN_INFINITE_RECURSION = YES;
				CLANG_WARN_INT_CONVERSION = YES;
				CLANG_WARN_OBJC_ROOT_CLASS = YES_ERROR;
				CLANG_WARN_SUSPICIOUS_MOVE = YES;
				CLANG_WARN_UNREACHABLE_CODE = YES;
				CLANG_WARN__DUPLICATE_METHOD_MATCH = YES;
				"CODE_SIGN_IDENTITY[sdk=iphoneos*]" = "iPhone Developer";
				COPY_PHASE_STRIP = NO;
				DEBUG_INFORMATION_FORMAT = "dwarf-with-dsym";
				ENABLE_NS_ASSERTIONS = NO;
				ENABLE_STRICT_OBJC_MSGSEND = YES;
				GCC_C_LANGUAGE_STANDARD = gnu99;
				GCC_NO_COMMON_BLOCKS = YES;
				GCC_WARN_64_TO_32_BIT_CONVERSION = YES;
				GCC_WARN_ABOUT_RETURN_TYPE = YES_ERROR;
				GCC_WARN_UNDECLARED_SELECTOR = YES;
				GCC_WARN_UNINITIALIZED_AUTOS = YES_AGGRESSIVE;
				GCC_WARN_UNUSED_FUNCTION = YES;
				GCC_WARN_UNUSED_VARIABLE = YES;
				IPHONEOS_DEPLOYMENT_TARGET = 10.2;
				MTL_ENABLE_DEBUG_INFO = NO;
				SDKROOT = iphoneos;
				SWIFT_OPTIMIZATION_LEVEL = "-Owholemodule";
				TARGETED_DEVICE_FAMILY = "1,2";
				VALIDATE_PRODUCT = YES;
			};
			name = Release;
		};
		411CD24A1E530CD800A02338 /* Debug */ = {
			isa = XCBuildConfiguration;
			baseConfigurationReference = 8C5483F1546216CE96E7A4EE /* Pods-DemoApp.debug.xcconfig */;
			buildSettings = {
				ASSETCATALOG_COMPILER_APPICON_NAME = AppIcon;
				DEVELOPMENT_TEAM = UCXFUA4N6G;
				INFOPLIST_FILE = DemoApp/Info.plist;
				LD_RUNPATH_SEARCH_PATHS = "$(inherited) @executable_path/Frameworks";
				PRODUCT_BUNDLE_IDENTIFIER = home.DemoApp;
				PRODUCT_NAME = "$(TARGET_NAME)";
				SWIFT_VERSION = 3.0;
			};
			name = Debug;
		};
		411CD24B1E530CD800A02338 /* Release */ = {
			isa = XCBuildConfiguration;
			baseConfigurationReference = DCA2FA72587FE4E77A272E7E /* Pods-DemoApp.release.xcconfig */;
			buildSettings = {
				ASSETCATALOG_COMPILER_APPICON_NAME = AppIcon;
				DEVELOPMENT_TEAM = UCXFUA4N6G;
				INFOPLIST_FILE = DemoApp/Info.plist;
				LD_RUNPATH_SEARCH_PATHS = "$(inherited) @executable_path/Frameworks";
				PRODUCT_BUNDLE_IDENTIFIER = home.DemoApp;
				PRODUCT_NAME = "$(TARGET_NAME)";
				SWIFT_VERSION = 3.0;
			};
			name = Release;
		};
		411CD24D1E530CD800A02338 /* Debug */ = {
			isa = XCBuildConfiguration;
			baseConfigurationReference = AD568621601659EF8222CE28 /* Pods-DemoAppTests.debug.xcconfig */;
			buildSettings = {
				ALWAYS_EMBED_SWIFT_STANDARD_LIBRARIES = YES;
				BUNDLE_LOADER = "$(TEST_HOST)";
				INFOPLIST_FILE = DemoAppTests/Info.plist;
				LD_RUNPATH_SEARCH_PATHS = "$(inherited) @executable_path/Frameworks @loader_path/Frameworks";
				PRODUCT_BUNDLE_IDENTIFIER = home.DemoAppTests;
				PRODUCT_NAME = "$(TARGET_NAME)";
				SWIFT_VERSION = 3.0;
				TEST_HOST = "$(BUILT_PRODUCTS_DIR)/DemoApp.app/DemoApp";
			};
			name = Debug;
		};
		411CD24E1E530CD800A02338 /* Release */ = {
			isa = XCBuildConfiguration;
			baseConfigurationReference = ADEDB06AFCFD980E5F07FFEF /* Pods-DemoAppTests.release.xcconfig */;
			buildSettings = {
				ALWAYS_EMBED_SWIFT_STANDARD_LIBRARIES = YES;
				BUNDLE_LOADER = "$(TEST_HOST)";
				INFOPLIST_FILE = DemoAppTests/Info.plist;
				LD_RUNPATH_SEARCH_PATHS = "$(inherited) @executable_path/Frameworks @loader_path/Frameworks";
				PRODUCT_BUNDLE_IDENTIFIER = home.DemoAppTests;
				PRODUCT_NAME = "$(TARGET_NAME)";
				SWIFT_VERSION = 3.0;
				TEST_HOST = "$(BUILT_PRODUCTS_DIR)/DemoApp.app/DemoApp";
			};
			name = Release;
		};
		411CD2501E530CD800A02338 /* Debug */ = {
			isa = XCBuildConfiguration;
			baseConfigurationReference = B3C181EA6BBEE1055C3136C3 /* Pods-DemoAppUITests.debug.xcconfig */;
			buildSettings = {
				ALWAYS_EMBED_SWIFT_STANDARD_LIBRARIES = YES;
				INFOPLIST_FILE = DemoAppUITests/Info.plist;
				LD_RUNPATH_SEARCH_PATHS = "$(inherited) @executable_path/Frameworks @loader_path/Frameworks";
				PRODUCT_BUNDLE_IDENTIFIER = home.DemoAppUITests;
				PRODUCT_NAME = "$(TARGET_NAME)";
				SWIFT_VERSION = 3.0;
				TEST_TARGET_NAME = DemoApp;
			};
			name = Debug;
		};
		411CD2511E530CD800A02338 /* Release */ = {
			isa = XCBuildConfiguration;
			baseConfigurationReference = 4CB686129D84D1EE5207DD16 /* Pods-DemoAppUITests.release.xcconfig */;
			buildSettings = {
				ALWAYS_EMBED_SWIFT_STANDARD_LIBRARIES = YES;
				INFOPLIST_FILE = DemoAppUITests/Info.plist;
				LD_RUNPATH_SEARCH_PATHS = "$(inherited) @executable_path/Frameworks @loader_path/Frameworks";
				PRODUCT_BUNDLE_IDENTIFIER = home.DemoAppUITests;
				PRODUCT_NAME = "$(TARGET_NAME)";
				SWIFT_VERSION = 3.0;
				TEST_TARGET_NAME = DemoApp;
			};
			name = Release;
		};
/* End XCBuildConfiguration section */

/* Begin XCConfigurationList section */
		411CD21C1E530CD800A02338 /* Build configuration list for PBXProject "DemoApp" */ = {
			isa = XCConfigurationList;
			buildConfigurations = (
				411CD2471E530CD800A02338 /* Debug */,
				411CD2481E530CD800A02338 /* Release */,
			);
			defaultConfigurationIsVisible = 0;
			defaultConfigurationName = Release;
		};
		411CD2491E530CD800A02338 /* Build configuration list for PBXNativeTarget "DemoApp" */ = {
			isa = XCConfigurationList;
			buildConfigurations = (
				411CD24A1E530CD800A02338 /* Debug */,
				411CD24B1E530CD800A02338 /* Release */,
			);
			defaultConfigurationIsVisible = 0;
			defaultConfigurationName = Release;
		};
		411CD24C1E530CD800A02338 /* Build configuration list for PBXNativeTarget "DemoAppTests" */ = {
			isa = XCConfigurationList;
			buildConfigurations = (
				411CD24D1E530CD800A02338 /* Debug */,
				411CD24E1E530CD800A02338 /* Release */,
			);
			defaultConfigurationIsVisible = 0;
			defaultConfigurationName = Release;
		};
		411CD24F1E530CD800A02338 /* Build configuration list for PBXNativeTarget "DemoAppUITests" */ = {
			isa = XCConfigurationList;
			buildConfigurations = (
				411CD2501E530CD800A02338 /* Debug */,
				411CD2511E530CD800A02338 /* Release */,
			);
			defaultConfigurationIsVisible = 0;
			defaultConfigurationName = Release;
		};
/* End XCConfigurationList section */
	};
	rootObject = 411CD2191E530CD800A02338 /* Project object */;
}
